# THIS IS AN AUTOGENERATED FILE. DO NOT EDIT THIS FILE DIRECTLY.
# yarn lockfile v1


"@glimmer/compiler@link:../..":
  version "0.0.0"
  uid ""

"@glimmer/interfaces@link:../..":
  version "0.0.0"
  uid ""

"@glimmer/object-reference@link:../..":
  version "0.0.0"
  uid ""

"@glimmer/opcode-compiler@link:../..":
  version "0.0.0"
  uid ""

"@glimmer/program@link:../..":
  version "0.0.0"
  uid ""

"@glimmer/runtime@link:../..":
  version "0.0.0"
  uid ""

"@glimmer/util@link:../..":
  version "0.0.0"
  uid ""

"@simple-dom/document@^1.4.0":
  version "1.4.0"
  resolved "https://registry.yarnpkg.com/@simple-dom/document/-/document-1.4.0.tgz#af60855f957f284d436983798ef1006cca1a1678"
  integrity sha512-/RUeVH4kuD3rzo5/91+h4Z1meLSLP66eXqpVAw/4aZmYozkeqUkMprq0znL4psX/adEed5cBgiNJcfMz/eKZLg==
  dependencies:
    "@simple-dom/interface" "^1.4.0"

"@simple-dom/interface@^1.4.0":
  version "1.4.0"
  resolved "https://registry.yarnpkg.com/@simple-dom/interface/-/interface-1.4.0.tgz#e8feea579232017f89b0138e2726facda6fbb71f"
  integrity sha512-l5qumKFWU0S+4ZzMaLXFU8tQZsicHEMEyAxI5kDFGhJsRqDwe0a7/iPA/GdxlGyDKseQQAgIz5kzU7eXTrlSpA==

"@simple-dom/serializer@^1.4.0":
  version "1.4.0"
  resolved "https://registry.yarnpkg.com/@simple-dom/serializer/-/serializer-1.4.0.tgz#98470f357f418d72b1a1ec78d68191e60aefe215"
  integrity sha512-mI1yRahsVs8atXLiQksineDsFEFqeG7RHwnnBTDOK6inbzl4tZQgjR+Z7edjgIJq5j5RhZvwPI6EuCji9B3eQw==
  dependencies:
    "@simple-dom/interface" "^1.4.0"

"@simple-dom/void-map@^1.4.0":
  version "1.4.0"
  resolved "https://registry.yarnpkg.com/@simple-dom/void-map/-/void-map-1.4.0.tgz#f15f07568fe1076740407266aa5e6eac249bc78c"
  integrity sha512-VDhLEyVCbuhOBBgHol9ShzIv9O8UCzdXeH4FoXu2DOcu/nnvTjLTck+BgXsCLv5ynDiUdoqsREEVFnoyPpFKVw==

async@^2.5.0:
  version "2.6.1"
  resolved "https://registry.yarnpkg.com/async/-/async-2.6.1.tgz#b245a23ca71930044ec53fa46aa00a3e87c6a610"
  integrity sha512-fNEiL2+AZt6AlAw/29Cr0UDe4sRAHCpEHh54WMz+Bb7QfNcFw4h3loofyJpLeQs4Yx7yuqu/2dLgM5hKOs6HlQ==
  dependencies:
    lodash "^4.17.10"

babel-plugin-debug-macros@^0.1.11:
  version "0.1.11"
  resolved "https://registry.yarnpkg.com/babel-plugin-debug-macros/-/babel-plugin-debug-macros-0.1.11.tgz#6c562bf561fccd406ce14ab04f42c218cf956605"
  integrity sha512-hZw5qNNGAR02Y+yBUrtsnJHh8OXavkayPRqKGAXnIm4t5rWVpj3ArwsC7TWdpZsBguQvHAeyTxZ7s23yY60HHg==
  dependencies:
    semver "^5.3.0"

commander@~2.17.1:
  version "2.17.1"
  resolved "https://registry.yarnpkg.com/commander/-/commander-2.17.1.tgz#bd77ab7de6de94205ceacc72f1716d29f20a77bf"
  integrity sha512-wPMUt6FnH2yzG95SA6mzjQOEKUU3aLaDEmzs1ti+1E9h+CsrZghRlqEM/EJ4KscsQVG8uNN4uVreUeT8+drlgg==

handlebars@^4.0.6:
  version "4.0.12"
  resolved "https://registry.yarnpkg.com/handlebars/-/handlebars-4.0.12.tgz#2c15c8a96d46da5e266700518ba8cb8d919d5bc5"
  integrity sha512-RhmTekP+FZL+XNhwS1Wf+bTTZpdLougwt5pcgA1tuz6Jcx0fpH/7z0qd71RKnZHBCxIRBHfBOnio4gViPemNzA==
  dependencies:
    async "^2.5.0"
    optimist "^0.6.1"
    source-map "^0.6.1"
  optionalDependencies:
    uglify-js "^3.1.4"

lodash@^4.17.10:
  version "4.17.11"
  resolved "https://registry.yarnpkg.com/lodash/-/lodash-4.17.11.tgz#b39ea6229ef607ecd89e2c8df12536891cac9b8d"
  integrity sha512-cQKh8igo5QUhZ7lg38DYWAxMvjSAKG0A8wGSVimP07SIUEK2UO+arSRKbRZWtelMtN5V0Hkwh5ryOto/SshYIg==

minimist@~0.0.1:
  version "0.0.10"
  resolved "https://registry.yarnpkg.com/minimist/-/minimist-0.0.10.tgz#de3f98543dbf96082be48ad1a0c7cda836301dcf"
  integrity sha1-3j+YVD2/lggr5IrRoMfNqDYwHc8=

optimist@^0.6.1:
  version "0.6.1"
  resolved "https://registry.yarnpkg.com/optimist/-/optimist-0.6.1.tgz#da3ea74686fa21a19a111c326e90eb15a0196686"
  integrity sha1-2j6nRob6IaGaERwybpDrFaAZZoY=
  dependencies:
    minimist "~0.0.1"
    wordwrap "~0.0.2"

semver@^5.3.0:
  version "5.6.0"
  resolved "https://registry.yarnpkg.com/semver/-/semver-5.6.0.tgz#7e74256fbaa49c75aa7c7a205cc22799cac80004"
  integrity sha512-RS9R6R35NYgQn++fkDWaOmqGoj4Ek9gGs+DPxNUZKuwE183xjJroKvyo1IzVFeXvUrvmALy6FWD5xrdJT25gMg==

simple-html-tokenizer@^0.5.7:
  version "0.5.7"
  resolved "https://registry.yarnpkg.com/simple-html-tokenizer/-/simple-html-tokenizer-0.5.7.tgz#8eca336ecfbe2b3c6166cbb31b2682088de79f40"
  integrity sha512-APW9iYbkJ5cijjX4Ljhf3VG8SwYPUJT5gZrwci/wieMabQxWFiV5VwsrP5c6GMRvXKEQMGkAB1d9dvW66dTqpg==

source-map@^0.6.1, source-map@~0.6.1:
  version "0.6.1"
  resolved "https://registry.yarnpkg.com/source-map/-/source-map-0.6.1.tgz#74722af32e9614e9c287a8d0bbde48b5e2f1a263"
  integrity sha512-UjgapumWlbMhkBgzT7Ykc5YXUT46F0iKu8SGXq0bcwP5dz/h0Plj6enJqjz1Zbq2l5WaqYnrVbwWOWMyF3F47g==

typescript@^3.2.2:
  version "3.2.2"
  resolved "https://registry.yarnpkg.com/typescript/-/typescript-3.2.2.tgz#fe8101c46aa123f8353523ebdcf5730c2ae493e5"
  integrity sha512-VCj5UiSyHBjwfYacmDuc/NOk4QQixbE+Wn7MFJuS0nRuPQbof132Pw4u53dm264O8LPc2MVsc7RJNml5szurkg==

uglify-js@^3.1.4:
  version "3.4.9"
  resolved "https://registry.yarnpkg.com/uglify-js/-/uglify-js-3.4.9.tgz#af02f180c1207d76432e473ed24a28f4a782bae3"
  integrity sha512-8CJsbKOtEbnJsTyv6LE6m6ZKniqMiFWmm9sRbopbkGs3gMPPfd3Fh8iIA4Ykv5MgaTbqHr4BaoGLJLZNhsrW1Q==
  dependencies:
    commander "~2.17.1"
    source-map "~0.6.1"

wordwrap@~0.0.2:
  version "0.0.3"
  resolved "https://registry.yarnpkg.com/wordwrap/-/wordwrap-0.0.3.tgz#a3d5da6cd5c0bc0008d37234bbaf1bed63059107"
  integrity sha1-o9XabNXAvAAI03I0u68b7WMFkQc=
